
Microsoft Visual Studio Solution File, Format Version 10.00
# Visual Studio 2008
Project("{E24C65DC-7377-472B-9ABA-BC803B73C61A}") = "Anbar_Asp_CSharp", ".", "{2E94905C-2D68-4A36-A9E1-2BD2F6B5EE5A}"
	ProjectSection(WebsiteProperties) = preProject
		TargetFramework = "3.5"
		Debug.AspNetCompiler.VirtualPath = "/Anbar_Asp_CSharp_2008"
		Debug.AspNetCompiler.PhysicalPath = "..\..\..\..\Desktop\New folder (2)\Anbar_Asp_CSharp_2008\"
		Debug.AspNetCompiler.TargetPath = "PrecompiledWeb\Anbar_Asp_CSharp_2008\"
		Debug.AspNetCompiler.Updateable = "true"
		Debug.AspNetCompiler.ForceOverwrite = "true"
		Debug.AspNetCompiler.FixedNames = "false"
		Debug.AspNetCompiler.Debug = "True"
		Release.AspNetCompiler.VirtualPath = "/Anbar_Asp_CSharp_2008"
		Release.AspNetCompiler.PhysicalPath = "..\..\..\..\Desktop\New folder (2)\Anbar_Asp_CSharp_2008\"
		Release.AspNetCompiler.TargetPath = "PrecompiledWeb\Anbar_Asp_CSharp_2008\"
		Release.AspNetCompiler.Updateable = "true"
		Release.AspNetCompiler.ForceOverwrite = "true"
		Release.AspNetCompiler.FixedNames = "false"
		Release.AspNetCompiler.Debug = "False"
		VWDPort = "1726"
	EndProjectSection
EndProject
Global
	GlobalSection(SolutionConfigurationPlatforms) = preSolution
		Debug|Any CPU = Debug|Any CPU
	EndGlobalSection
	GlobalSection(ProjectConfigurationPlatforms) = postSolution
		{2E94905C-2D68-4A36-A9E1-2BD2F6B5EE5A}.Debug|Any CPU.ActiveCfg = Debug|Any CPU
		{2E94905C-2D68-4A36-A9E1-2BD2F6B5EE5A}.Debug|Any CPU.Build.0 = Debug|Any CPU
	EndGlobalSection
	GlobalSection(SolutionProperties) = preSolution
		HideSolutionNode = FALSE
	EndGlobalSection
EndGlobal
